
Microsoft Visual Studio Solution File, Format Version 12.00
# Visual Studio Version 17
VisualStudioVersion = 17.11.35208.52
MinimumVisualStudioVersion = 10.0.40219.1
Project("{FAE04EC0-301F-11D3-BF4B-00C04F79EFBC}") = "ABCRetail", "ABCRetail\ABCRetail.csproj", "{491EE7B0-F2EA-49E3-8875-530DEE6039B4}"
EndProject
Global
	GlobalSection(SolutionConfigurationPlatforms) = preSolution
		Debug|Any CPU = Debug|Any CPU
		Release|Any CPU = Release|Any CPU
	EndGlobalSection
	GlobalSection(ProjectConfigurationPlatforms) = postSolution
		{491EE7B0-F2EA-49E3-8875-530DEE6039B4}.Debug|Any CPU.ActiveCfg = Debug|Any CPU
		{491EE7B0-F2EA-49E3-8875-530DEE6039B4}.Debug|Any CPU.Build.0 = Debug|Any CPU
		{491EE7B0-F2EA-49E3-8875-530DEE6039B4}.Release|Any CPU.ActiveCfg = Release|Any CPU
		{491EE7B0-F2EA-49E3-8875-530DEE6039B4}.Release|Any CPU.Build.0 = Release|Any CPU
	EndGlobalSection
	GlobalSection(SolutionProperties) = preSolution
		HideSolutionNode = FALSE
	EndGlobalSection
	GlobalSection(ExtensibilityGlobals) = postSolution
		SolutionGuid = {36A425B7-56BB-415F-835B-F1E637F5BF47}
	EndGlobalSection
EndGlobal
